
Microsoft Visual Studio Solution File, Format Version 11.00
# Visual Studio 2010
# SharpDevelop 5.1
Project("{FAE04EC0-301F-11D3-BF4B-00C04F79EFBC}") = "Lab121-06-02", "Lab121-06-02\Lab121-06-02.csproj", "{028E8987-23C4-44CB-82F3-B5E780A5ACC5}"
EndProject
Global
	GlobalSection(SolutionConfigurationPlatforms) = preSolution
		Debug|Any CPU = Debug|Any CPU
		Release|Any CPU = Release|Any CPU
	EndGlobalSection
	GlobalSection(ProjectConfigurationPlatforms) = postSolution
		{028E8987-23C4-44CB-82F3-B5E780A5ACC5}.Debug|Any CPU.ActiveCfg = Debug|Any CPU
		{028E8987-23C4-44CB-82F3-B5E780A5ACC5}.Debug|Any CPU.Build.0 = Debug|Any CPU
		{028E8987-23C4-44CB-82F3-B5E780A5ACC5}.Release|Any CPU.ActiveCfg = Release|Any CPU
		{028E8987-23C4-44CB-82F3-B5E780A5ACC5}.Release|Any CPU.Build.0 = Release|Any CPU
	EndGlobalSection
EndGlobal
