
Microsoft Visual Studio Solution File, Format Version 11.00
# Visual Studio 2010
# SharpDevelop 5.1
Project("{FAE04EC0-301F-11D3-BF4B-00C04F79EFBC}") = "Lab121-01-01", "Lab121-01-01\Lab121-01-01.csproj", "{926C6423-66E4-404D-A38D-05AA43999FE8}"
EndProject
Global
	GlobalSection(SolutionConfigurationPlatforms) = preSolution
		Debug|Any CPU = Debug|Any CPU
		Release|Any CPU = Release|Any CPU
	EndGlobalSection
	GlobalSection(ProjectConfigurationPlatforms) = postSolution
		{926C6423-66E4-404D-A38D-05AA43999FE8}.Debug|Any CPU.ActiveCfg = Debug|Any CPU
		{926C6423-66E4-404D-A38D-05AA43999FE8}.Debug|Any CPU.Build.0 = Debug|Any CPU
		{926C6423-66E4-404D-A38D-05AA43999FE8}.Release|Any CPU.ActiveCfg = Release|Any CPU
		{926C6423-66E4-404D-A38D-05AA43999FE8}.Release|Any CPU.Build.0 = Release|Any CPU
	EndGlobalSection
EndGlobal
