
Microsoft Visual Studio Solution File, Format Version 11.00
# Visual Studio 2010
# SharpDevelop 5.1
Project("{FAE04EC0-301F-11D3-BF4B-00C04F79EFBC}") = "Proyecto", "Proyecto\Proyecto.csproj", "{EE538689-B6D5-420A-8D38-3B604F4F51BB}"
EndProject
Global
	GlobalSection(SolutionConfigurationPlatforms) = preSolution
		Debug|Any CPU = Debug|Any CPU
		Release|Any CPU = Release|Any CPU
	EndGlobalSection
	GlobalSection(ProjectConfigurationPlatforms) = postSolution
		{EE538689-B6D5-420A-8D38-3B604F4F51BB}.Debug|Any CPU.ActiveCfg = Debug|Any CPU
		{EE538689-B6D5-420A-8D38-3B604F4F51BB}.Debug|Any CPU.Build.0 = Debug|Any CPU
		{EE538689-B6D5-420A-8D38-3B604F4F51BB}.Release|Any CPU.ActiveCfg = Release|Any CPU
		{EE538689-B6D5-420A-8D38-3B604F4F51BB}.Release|Any CPU.Build.0 = Release|Any CPU
	EndGlobalSection
EndGlobal
